{
  "name": "ms-authentication",
  "version": "1.0.0",
  "lockfileVersion": 3,
  "requires": true,
  "packages": {
    "": {
      "name": "ms-authentication",
      "version": "1.0.0",
      "license": "ISC",
      "devDependencies": {
        "@types/node": "^18.15.8",
        "typescript": "^5.0.2"
      }
    },
    "node_modules/@types/node": {
      "version": "18.15.8",
      "resolved": "https://registry.npmjs.org/@types/node/-/node-18.15.8.tgz",
      "integrity": "sha512-kzGNJZ57XEH7RdckxZ7wfRjB9hgZABF+NLgR1B2zogUvV0gmK0/60VYA4yb4oKZckPiiJlmmfpdqTfCN0VRX+Q==",
      "dev": true
    },
    "node_modules/typescript": {
      "version": "5.0.2",
      "resolved": "https://registry.npmjs.org/typescript/-/typescript-5.0.2.tgz",
      "integrity": "sha512-wVORMBGO/FAs/++blGNeAVdbNKtIh1rbBL2EyQ1+J9lClJ93KiiKe8PmFIVdXhHcyv44SL9oglmfeSsndo0jRw==",
      "dev": true,
      "bin": {
        "tsc": "bin/tsc",
        "tsserver": "bin/tsserver"
      },
      "engines": {
        "node": ">=12.20"
      }
    }
  }
}
